// !$*UTF8*$!
{
	archiveVersion = 1;
	classes = {
	};
	objectVersion = 54;
	objects = {

/* Begin PBXBuildFile section */
		00E356F31AD99517003FC87E /* NexsaTests.m in Sources */ = {isa = PBXBuildFile; fileRef = 00E356F21AD99517003FC87E /* NexsaTests.m */; };
		0C80B921A6F3F58F76C31292 /* libPods-Nexsa.a in Frameworks */ = {isa = PBXBuildFile; fileRef = 5DCACB8F33CDC322A6C60F78 /* libPods-Nexsa.a */; };
		13B07FBC1A68108700A75B9A /* AppDelegate.mm in Sources */ = {isa = PBXBuildFile; fileRef = 13B07FB01A68108700A75B9A /* AppDelegate.mm */; };
		13B07FBF1A68108700A75B9A /* Images.xcassets in Resources */ = {isa = PBXBuildFile; fileRef = 13B07FB51A68108700A75B9A /* Images.xcassets */; };
		13B07FC11A68108700A75B9A /* main.m in Sources */ = {isa = PBXBuildFile; fileRef = 13B07FB71A68108700A75B9A /* main.m */; };
		13D9DD24008E2E69FE754467 /* PrivacyInfo.xcprivacy in Resources */ = {isa = PBXBuildFile; fileRef = 6BA76E402D3B430409283B62 /* PrivacyInfo.xcprivacy */; };
		1CB6BDAC2CC8D9E0003454DD /* JosefinSans-Medium.ttf in Resources */ = {isa = PBXBuildFile; fileRef = 1CB6BD912CC8D9DF003454DD /* JosefinSans-Medium.ttf */; };
		1CB6BDAD2CC8D9E0003454DD /* Roboto-Italic.ttf in Resources */ = {isa = PBXBuildFile; fileRef = 1CB6BD922CC8D9DF003454DD /* Roboto-Italic.ttf */; };
		1CB6BDAE2CC8D9E0003454DD /* JosefinSans-BoldItalic.ttf in Resources */ = {isa = PBXBuildFile; fileRef = 1CB6BD932CC8D9DF003454DD /* JosefinSans-BoldItalic.ttf */; };
		1CB6BDAF2CC8D9E0003454DD /* Roboto-BoldItalic.ttf in Resources */ = {isa = PBXBuildFile; fileRef = 1CB6BD942CC8D9DF003454DD /* Roboto-BoldItalic.ttf */; };
		1CB6BDB02CC8D9E0003454DD /* JosefinSans-ExtraLight.ttf in Resources */ = {isa = PBXBuildFile; fileRef = 1CB6BD952CC8D9E0003454DD /* JosefinSans-ExtraLight.ttf */; };
		1CB6BDB12CC8D9E0003454DD /* Roboto-Bold.ttf in Resources */ = {isa = PBXBuildFile; fileRef = 1CB6BD962CC8D9E0003454DD /* Roboto-Bold.ttf */; };
		1CB6BDB22CC8D9E0003454DD /* JosefinSans-ThinItalic.ttf in Resources */ = {isa = PBXBuildFile; fileRef = 1CB6BD972CC8D9E0003454DD /* JosefinSans-ThinItalic.ttf */; };
		1CB6BDB32CC8D9E0003454DD /* Roboto-Medium.ttf in Resources */ = {isa = PBXBuildFile; fileRef = 1CB6BD982CC8D9E0003454DD /* Roboto-Medium.ttf */; };
		1CB6BDB42CC8D9E0003454DD /* JosefinSans-Light.ttf in Resources */ = {isa = PBXBuildFile; fileRef = 1CB6BD992CC8D9E0003454DD /* JosefinSans-Light.ttf */; };
		1CB6BDB52CC8D9E0003454DD /* JosefinSans-Regular.ttf in Resources */ = {isa = PBXBuildFile; fileRef = 1CB6BD9A2CC8D9E0003454DD /* JosefinSans-Regular.ttf */; };
		1CB6BDB62CC8D9E0003454DD /* JosefinSans-Bold.ttf in Resources */ = {isa = PBXBuildFile; fileRef = 1CB6BD9B2CC8D9E0003454DD /* JosefinSans-Bold.ttf */; };
		1CB6BDB72CC8D9E0003454DD /* Roboto-ThinItalic.ttf in Resources */ = {isa = PBXBuildFile; fileRef = 1CB6BD9C2CC8D9E0003454DD /* Roboto-ThinItalic.ttf */; };
		1CB6BDB82CC8D9E0003454DD /* Roboto-Light.ttf in Resources */ = {isa = PBXBuildFile; fileRef = 1CB6BD9D2CC8D9E0003454DD /* Roboto-Light.ttf */; };
		1CB6BDB92CC8D9E0003454DD /* JosefinSans-Italic.ttf in Resources */ = {isa = PBXBuildFile; fileRef = 1CB6BD9E2CC8D9E0003454DD /* JosefinSans-Italic.ttf */; };
		1CB6BDBA2CC8D9E0003454DD /* Roboto-MediumItalic.ttf in Resources */ = {isa = PBXBuildFile; fileRef = 1CB6BD9F2CC8D9E0003454DD /* Roboto-MediumItalic.ttf */; };
		1CB6BDBB2CC8D9E0003454DD /* JosefinSans-Thin.ttf in Resources */ = {isa = PBXBuildFile; fileRef = 1CB6BDA02CC8D9E0003454DD /* JosefinSans-Thin.ttf */; };
		1CB6BDBC2CC8D9E0003454DD /* Roboto-Regular.ttf in Resources */ = {isa = PBXBuildFile; fileRef = 1CB6BDA12CC8D9E0003454DD /* Roboto-Regular.ttf */; };
		1CB6BDBD2CC8D9E0003454DD /* JosefinSans-ExtraLightItalic.ttf in Resources */ = {isa = PBXBuildFile; fileRef = 1CB6BDA22CC8D9E0003454DD /* JosefinSans-ExtraLightItalic.ttf */; };
		1CB6BDBF2CC8D9E0003454DD /* JosefinSans-MediumItalic.ttf in Resources */ = {isa = PBXBuildFile; fileRef = 1CB6BDA42CC8D9E0003454DD /* JosefinSans-MediumItalic.ttf */; };
		1CB6BDC02CC8D9E0003454DD /* JosefinSans-SemiBold.ttf in Resources */ = {isa = PBXBuildFile; fileRef = 1CB6BDA52CC8D9E0003454DD /* JosefinSans-SemiBold.ttf */; };
		1CB6BDC12CC8D9E0003454DD /* Roboto-BlackItalic.ttf in Resources */ = {isa = PBXBuildFile; fileRef = 1CB6BDA62CC8D9E0003454DD /* Roboto-BlackItalic.ttf */; };
		1CB6BDC22CC8D9E0003454DD /* Roboto-Black.ttf in Resources */ = {isa = PBXBuildFile; fileRef = 1CB6BDA72CC8D9E0003454DD /* Roboto-Black.ttf */; };
		1CB6BDC32CC8D9E0003454DD /* Roboto-Thin.ttf in Resources */ = {isa = PBXBuildFile; fileRef = 1CB6BDA82CC8D9E0003454DD /* Roboto-Thin.ttf */; };
		1CB6BDC42CC8D9E0003454DD /* Roboto-LightItalic.ttf in Resources */ = {isa = PBXBuildFile; fileRef = 1CB6BDA92CC8D9E0003454DD /* Roboto-LightItalic.ttf */; };
		1CB6BDC52CC8D9E0003454DD /* JosefinSans-SemiBoldItalic.ttf in Resources */ = {isa = PBXBuildFile; fileRef = 1CB6BDAA2CC8D9E0003454DD /* JosefinSans-SemiBoldItalic.ttf */; };
		1CB6BDC62CC8D9E0003454DD /* JosefinSans-LightItalic.ttf in Resources */ = {isa = PBXBuildFile; fileRef = 1CB6BDAB2CC8D9E0003454DD /* JosefinSans-LightItalic.ttf */; };
		1CB6BDCA2CC8E5A5003454DD /* NothingYouCouldDo.ttf in Resources */ = {isa = PBXBuildFile; fileRef = 1CB6BDC92CC8E5A5003454DD /* NothingYouCouldDo.ttf */; };
		1CBBC1042CCA4BEC000EEC93 /* splash.png in Resources */ = {isa = PBXBuildFile; fileRef = 1CBBC1032CCA4BEC000EEC93 /* splash.png */; };
		7699B88040F8A987B510C191 /* libPods-Nexsa-NexsaTests.a in Frameworks */ = {isa = PBXBuildFile; fileRef = 19F6CBCC0A4E27FBF8BF4A61 /* libPods-Nexsa-NexsaTests.a */; };
		81AB9BB82411601600AC10FF /* LaunchScreen.storyboard in Resources */ = {isa = PBXBuildFile; fileRef = 81AB9BB72411601600AC10FF /* LaunchScreen.storyboard */; };
/* End PBXBuildFile section */

/* Begin PBXContainerItemProxy section */
		00E356F41AD99517003FC87E /* PBXContainerItemProxy */ = {
			isa = PBXContainerItemProxy;
			containerPortal = 83CBB9F71A601CBA00E9B192 /* Project object */;
			proxyType = 1;
			remoteGlobalIDString = 13B07F861A680F5B00A75B9A;
			remoteInfo = Nexsa;
		};
/* End PBXContainerItemProxy section */

/* Begin PBXFileReference section */
		00E356EE1AD99517003FC87E /* NexsaTests.xctest */ = {isa = PBXFileReference; explicitFileType = wrapper.cfbundle; includeInIndex = 0; path = NexsaTests.xctest; sourceTree = BUILT_PRODUCTS_DIR; };
		00E356F11AD99517003FC87E /* Info.plist */ = {isa = PBXFileReference; lastKnownFileType = text.plist.xml; path = Info.plist; sourceTree = "<group>"; };
		00E356F21AD99517003FC87E /* NexsaTests.m */ = {isa = PBXFileReference; lastKnownFileType = sourcecode.c.objc; path = NexsaTests.m; sourceTree = "<group>"; };
		13B07F961A680F5B00A75B9A /* Nexsa.app */ = {isa = PBXFileReference; explicitFileType = wrapper.application; includeInIndex = 0; path = Nexsa.app; sourceTree = BUILT_PRODUCTS_DIR; };
		13B07FAF1A68108700A75B9A /* AppDelegate.h */ = {isa = PBXFileReference; fileEncoding = 4; lastKnownFileType = sourcecode.c.h; name = AppDelegate.h; path = Nexsa/AppDelegate.h; sourceTree = "<group>"; };
		13B07FB01A68108700A75B9A /* AppDelegate.mm */ = {isa = PBXFileReference; fileEncoding = 4; lastKnownFileType = sourcecode.cpp.objcpp; name = AppDelegate.mm; path = Nexsa/AppDelegate.mm; sourceTree = "<group>"; };
		13B07FB51A68108700A75B9A /* Images.xcassets */ = {isa = PBXFileReference; lastKnownFileType = folder.assetcatalog; name = Images.xcassets; path = Nexsa/Images.xcassets; sourceTree = "<group>"; };
		13B07FB61A68108700A75B9A /* Info.plist */ = {isa = PBXFileReference; fileEncoding = 4; lastKnownFileType = text.plist.xml; name = Info.plist; path = Nexsa/Info.plist; sourceTree = "<group>"; };
		13B07FB71A68108700A75B9A /* main.m */ = {isa = PBXFileReference; fileEncoding = 4; lastKnownFileType = sourcecode.c.objc; name = main.m; path = Nexsa/main.m; sourceTree = "<group>"; };
		13B07FB81A68108700A75B9A /* PrivacyInfo.xcprivacy */ = {isa = PBXFileReference; fileEncoding = 4; lastKnownFileType = text.plist.xml; name = PrivacyInfo.xcprivacy; path = Nexsa/PrivacyInfo.xcprivacy; sourceTree = "<group>"; };
		19F6CBCC0A4E27FBF8BF4A61 /* libPods-Nexsa-NexsaTests.a */ = {isa = PBXFileReference; explicitFileType = archive.ar; includeInIndex = 0; path = "libPods-Nexsa-NexsaTests.a"; sourceTree = BUILT_PRODUCTS_DIR; };
		1CB6BD912CC8D9DF003454DD /* JosefinSans-Medium.ttf */ = {isa = PBXFileReference; lastKnownFileType = file; name = "JosefinSans-Medium.ttf"; path = "../android/app/src/main/assets/fonts/JosefinSans-Medium.ttf"; sourceTree = "<group>"; };
		1CB6BD922CC8D9DF003454DD /* Roboto-Italic.ttf */ = {isa = PBXFileReference; lastKnownFileType = file; name = "Roboto-Italic.ttf"; path = "../android/app/src/main/assets/fonts/Roboto-Italic.ttf"; sourceTree = "<group>"; };
		1CB6BD932CC8D9DF003454DD /* JosefinSans-BoldItalic.ttf */ = {isa = PBXFileReference; lastKnownFileType = file; name = "JosefinSans-BoldItalic.ttf"; path = "../android/app/src/main/assets/fonts/JosefinSans-BoldItalic.ttf"; sourceTree = "<group>"; };
		1CB6BD942CC8D9DF003454DD /* Roboto-BoldItalic.ttf */ = {isa = PBXFileReference; lastKnownFileType = file; name = "Roboto-BoldItalic.ttf"; path = "../android/app/src/main/assets/fonts/Roboto-BoldItalic.ttf"; sourceTree = "<group>"; };
		1CB6BD952CC8D9E0003454DD /* JosefinSans-ExtraLight.ttf */ = {isa = PBXFileReference; lastKnownFileType = file; name = "JosefinSans-ExtraLight.ttf"; path = "../android/app/src/main/assets/fonts/JosefinSans-ExtraLight.ttf"; sourceTree = "<group>"; };
		1CB6BD962CC8D9E0003454DD /* Roboto-Bold.ttf */ = {isa = PBXFileReference; lastKnownFileType = file; name = "Roboto-Bold.ttf"; path = "../android/app/src/main/assets/fonts/Roboto-Bold.ttf"; sourceTree = "<group>"; };
		1CB6BD972CC8D9E0003454DD /* JosefinSans-ThinItalic.ttf */ = {isa = PBXFileReference; lastKnownFileType = file; name = "JosefinSans-ThinItalic.ttf"; path = "../android/app/src/main/assets/fonts/JosefinSans-ThinItalic.ttf"; sourceTree = "<group>"; };
		1CB6BD982CC8D9E0003454DD /* Roboto-Medium.ttf */ = {isa = PBXFileReference; lastKnownFileType = file; name = "Roboto-Medium.ttf"; path = "../android/app/src/main/assets/fonts/Roboto-Medium.ttf"; sourceTree = "<group>"; };
		1CB6BD992CC8D9E0003454DD /* JosefinSans-Light.ttf */ = {isa = PBXFileReference; lastKnownFileType = file; name = "JosefinSans-Light.ttf"; path = "../android/app/src/main/assets/fonts/JosefinSans-Light.ttf"; sourceTree = "<group>"; };
		1CB6BD9A2CC8D9E0003454DD /* JosefinSans-Regular.ttf */ = {isa = PBXFileReference; lastKnownFileType = file; name = "JosefinSans-Regular.ttf"; path = "../android/app/src/main/assets/fonts/JosefinSans-Regular.ttf"; sourceTree = "<group>"; };
		1CB6BD9B2CC8D9E0003454DD /* JosefinSans-Bold.ttf */ = {isa = PBXFileReference; lastKnownFileType = file; name = "JosefinSans-Bold.ttf"; path = "../android/app/src/main/assets/fonts/JosefinSans-Bold.ttf"; sourceTree = "<group>"; };
		1CB6BD9C2CC8D9E0003454DD /* Roboto-ThinItalic.ttf */ = {isa = PBXFileReference; lastKnownFileType = file; name = "Roboto-ThinItalic.ttf"; path = "../android/app/src/main/assets/fonts/Roboto-ThinItalic.ttf"; sourceTree = "<group>"; };
		1CB6BD9D2CC8D9E0003454DD /* Roboto-Light.ttf */ = {isa = PBXFileReference; lastKnownFileType = file; name = "Roboto-Light.ttf"; path = "../android/app/src/main/assets/fonts/Roboto-Light.ttf"; sourceTree = "<group>"; };
		1CB6BD9E2CC8D9E0003454DD /* JosefinSans-Italic.ttf */ = {isa = PBXFileReference; lastKnownFileType = file; name = "JosefinSans-Italic.ttf"; path = "../android/app/src/main/assets/fonts/JosefinSans-Italic.ttf"; sourceTree = "<group>"; };
		1CB6BD9F2CC8D9E0003454DD /* Roboto-MediumItalic.ttf */ = {isa = PBXFileReference; lastKnownFileType = file; name = "Roboto-MediumItalic.ttf"; path = "../android/app/src/main/assets/fonts/Roboto-MediumItalic.ttf"; sourceTree = "<group>"; };
		1CB6BDA02CC8D9E0003454DD /* JosefinSans-Thin.ttf */ = {isa = PBXFileReference; lastKnownFileType = file; name = "JosefinSans-Thin.ttf"; path = "../android/app/src/main/assets/fonts/JosefinSans-Thin.ttf"; sourceTree = "<group>"; };
		1CB6BDA12CC8D9E0003454DD /* Roboto-Regular.ttf */ = {isa = PBXFileReference; lastKnownFileType = file; name = "Roboto-Regular.ttf"; path = "../android/app/src/main/assets/fonts/Roboto-Regular.ttf"; sourceTree = "<group>"; };
		1CB6BDA22CC8D9E0003454DD /* JosefinSans-ExtraLightItalic.ttf */ = {isa = PBXFileReference; lastKnownFileType = file; name = "JosefinSans-ExtraLightItalic.ttf"; path = "../android/app/src/main/assets/fonts/JosefinSans-ExtraLightItalic.ttf"; sourceTree = "<group>"; };
		1CB6BDA42CC8D9E0003454DD /* JosefinSans-MediumItalic.ttf */ = {isa = PBXFileReference; lastKnownFileType = file; name = "JosefinSans-MediumItalic.ttf"; path = "../android/app/src/main/assets/fonts/JosefinSans-MediumItalic.ttf"; sourceTree = "<group>"; };
		1CB6BDA52CC8D9E0003454DD /* JosefinSans-SemiBold.ttf */ = {isa = PBXFileReference; lastKnownFileType = file; name = "JosefinSans-SemiBold.ttf"; path = "../android/app/src/main/assets/fonts/JosefinSans-SemiBold.ttf"; sourceTree = "<group>"; };
		1CB6BDA62CC8D9E0003454DD /* Roboto-BlackItalic.ttf */ = {isa = PBXFileReference; lastKnownFileType = file; name = "Roboto-BlackItalic.ttf"; path = "../android/app/src/main/assets/fonts/Roboto-BlackItalic.ttf"; sourceTree = "<group>"; };
		1CB6BDA72CC8D9E0003454DD /* Roboto-Black.ttf */ = {isa = PBXFileReference; lastKnownFileType = file; name = "Roboto-Black.ttf"; path = "../android/app/src/main/assets/fonts/Roboto-Black.ttf"; sourceTree = "<group>"; };
		1CB6BDA82CC8D9E0003454DD /* Roboto-Thin.ttf */ = {isa = PBXFileReference; lastKnownFileType = file; name = "Roboto-Thin.ttf"; path = "../android/app/src/main/assets/fonts/Roboto-Thin.ttf"; sourceTree = "<group>"; };
		1CB6BDA92CC8D9E0003454DD /* Roboto-LightItalic.ttf */ = {isa = PBXFileReference; lastKnownFileType = file; name = "Roboto-LightItalic.ttf"; path = "../android/app/src/main/assets/fonts/Roboto-LightItalic.ttf"; sourceTree = "<group>"; };
		1CB6BDAA2CC8D9E0003454DD /* JosefinSans-SemiBoldItalic.ttf */ = {isa = PBXFileReference; lastKnownFileType = file; name = "JosefinSans-SemiBoldItalic.ttf"; path = "../android/app/src/main/assets/fonts/JosefinSans-SemiBoldItalic.ttf"; sourceTree = "<group>"; };
		1CB6BDAB2CC8D9E0003454DD /* JosefinSans-LightItalic.ttf */ = {isa = PBXFileReference; lastKnownFileType = file; name = "JosefinSans-LightItalic.ttf"; path = "../android/app/src/main/assets/fonts/JosefinSans-LightItalic.ttf"; sourceTree = "<group>"; };
		1CB6BDC92CC8E5A5003454DD /* NothingYouCouldDo.ttf */ = {isa = PBXFileReference; lastKnownFileType = file; name = NothingYouCouldDo.ttf; path = ../android/app/src/main/assets/fonts/NothingYouCouldDo.ttf; sourceTree = "<group>"; };
		1CBBC1032CCA4BEC000EEC93 /* splash.png */ = {isa = PBXFileReference; lastKnownFileType = image.png; path = splash.png; sourceTree = "<group>"; };
		3B4392A12AC88292D35C810B /* Pods-Nexsa.debug.xcconfig */ = {isa = PBXFileReference; includeInIndex = 1; lastKnownFileType = text.xcconfig; name = "Pods-Nexsa.debug.xcconfig"; path = "Target Support Files/Pods-Nexsa/Pods-Nexsa.debug.xcconfig"; sourceTree = "<group>"; };
		5709B34CF0A7D63546082F79 /* Pods-Nexsa.release.xcconfig */ = {isa = PBXFileReference; includeInIndex = 1; lastKnownFileType = text.xcconfig; name = "Pods-Nexsa.release.xcconfig"; path = "Target Support Files/Pods-Nexsa/Pods-Nexsa.release.xcconfig"; sourceTree = "<group>"; };
		5B7EB9410499542E8C5724F5 /* Pods-Nexsa-NexsaTests.debug.xcconfig */ = {isa = PBXFileReference; includeInIndex = 1; lastKnownFileType = text.xcconfig; name = "Pods-Nexsa-NexsaTests.debug.xcconfig"; path = "Target Support Files/Pods-Nexsa-NexsaTests/Pods-Nexsa-NexsaTests.debug.xcconfig"; sourceTree = "<group>"; };
		5DCACB8F33CDC322A6C60F78 /* libPods-Nexsa.a */ = {isa = PBXFileReference; explicitFileType = archive.ar; includeInIndex = 0; path = "libPods-Nexsa.a"; sourceTree = BUILT_PRODUCTS_DIR; };
		6BA76E402D3B430409283B62 /* PrivacyInfo.xcprivacy */ = {isa = PBXFileReference; includeInIndex = 1; lastKnownFileType = text.xml; name = PrivacyInfo.xcprivacy; path = Nexsa/PrivacyInfo.xcprivacy; sourceTree = "<group>"; };
		81AB9BB72411601600AC10FF /* LaunchScreen.storyboard */ = {isa = PBXFileReference; fileEncoding = 4; lastKnownFileType = file.storyboard; name = LaunchScreen.storyboard; path = Nexsa/LaunchScreen.storyboard; sourceTree = "<group>"; };
		89C6BE57DB24E9ADA2F236DE /* Pods-Nexsa-NexsaTests.release.xcconfig */ = {isa = PBXFileReference; includeInIndex = 1; lastKnownFileType = text.xcconfig; name = "Pods-Nexsa-NexsaTests.release.xcconfig"; path = "Target Support Files/Pods-Nexsa-NexsaTests/Pods-Nexsa-NexsaTests.release.xcconfig"; sourceTree = "<group>"; };
		ED297162215061F000B7C4FE /* JavaScriptCore.framework */ = {isa = PBXFileReference; lastKnownFileType = wrapper.framework; name = JavaScriptCore.framework; path = System/Library/Frameworks/JavaScriptCore.framework; sourceTree = SDKROOT; };
/* End PBXFileReference section */

/* Begin PBXFrameworksBuildPhase section */
		00E356EB1AD99517003FC87E /* Frameworks */ = {
			isa = PBXFrameworksBuildPhase;
			buildActionMask = 2147483647;
			files = (
				7699B88040F8A987B510C191 /* libPods-Nexsa-NexsaTests.a in Frameworks */,
			);
			runOnlyForDeploymentPostprocessing = 0;
		};
		13B07F8C1A680F5B00A75B9A /* Frameworks */ = {
			isa = PBXFrameworksBuildPhase;
			buildActionMask = 2147483647;
			files = (
				0C80B921A6F3F58F76C31292 /* libPods-Nexsa.a in Frameworks */,
			);
			runOnlyForDeploymentPostprocessing = 0;
		};
/* End PBXFrameworksBuildPhase section */

/* Begin PBXGroup section */
		00E356EF1AD99517003FC87E /* NexsaTests */ = {
			isa = PBXGroup;
			children = (
				00E356F21AD99517003FC87E /* NexsaTests.m */,
				00E356F01AD99517003FC87E /* Supporting Files */,
			);
			path = NexsaTests;
			sourceTree = "<group>";
		};
		00E356F01AD99517003FC87E /* Supporting Files */ = {
			isa = PBXGroup;
			children = (
				00E356F11AD99517003FC87E /* Info.plist */,
			);
			name = "Supporting Files";
			sourceTree = "<group>";
		};
		13B07FAE1A68108700A75B9A /* Nexsa */ = {
			isa = PBXGroup;
			children = (
				13B07FAF1A68108700A75B9A /* AppDelegate.h */,
				13B07FB01A68108700A75B9A /* AppDelegate.mm */,
				13B07FB51A68108700A75B9A /* Images.xcassets */,
				13B07FB61A68108700A75B9A /* Info.plist */,
				81AB9BB72411601600AC10FF /* LaunchScreen.storyboard */,
				13B07FB71A68108700A75B9A /* main.m */,
				13B07FB81A68108700A75B9A /* PrivacyInfo.xcprivacy */,
				6BA76E402D3B430409283B62 /* PrivacyInfo.xcprivacy */,
			);
			name = Nexsa;
			sourceTree = "<group>";
		};
		1CB6BD902CC8D9BF003454DD /* Resources */ = {
			isa = PBXGroup;
			children = (
				1CBBC1032CCA4BEC000EEC93 /* splash.png */,
				1CB6BDC92CC8E5A5003454DD /* NothingYouCouldDo.ttf */,
				1CB6BD9B2CC8D9E0003454DD /* JosefinSans-Bold.ttf */,
				1CB6BD932CC8D9DF003454DD /* JosefinSans-BoldItalic.ttf */,
				1CB6BD952CC8D9E0003454DD /* JosefinSans-ExtraLight.ttf */,
				1CB6BDA22CC8D9E0003454DD /* JosefinSans-ExtraLightItalic.ttf */,
				1CB6BD9E2CC8D9E0003454DD /* JosefinSans-Italic.ttf */,
				1CB6BD992CC8D9E0003454DD /* JosefinSans-Light.ttf */,
				1CB6BDAB2CC8D9E0003454DD /* JosefinSans-LightItalic.ttf */,
				1CB6BD912CC8D9DF003454DD /* JosefinSans-Medium.ttf */,
				1CB6BDA42CC8D9E0003454DD /* JosefinSans-MediumItalic.ttf */,
				1CB6BD9A2CC8D9E0003454DD /* JosefinSans-Regular.ttf */,
				1CB6BDA52CC8D9E0003454DD /* JosefinSans-SemiBold.ttf */,
				1CB6BDAA2CC8D9E0003454DD /* JosefinSans-SemiBoldItalic.ttf */,
				1CB6BDA02CC8D9E0003454DD /* JosefinSans-Thin.ttf */,
				1CB6BD972CC8D9E0003454DD /* JosefinSans-ThinItalic.ttf */,
				1CB6BDA72CC8D9E0003454DD /* Roboto-Black.ttf */,
				1CB6BDA62CC8D9E0003454DD /* Roboto-BlackItalic.ttf */,
				1CB6BD962CC8D9E0003454DD /* Roboto-Bold.ttf */,
				1CB6BD942CC8D9DF003454DD /* Roboto-BoldItalic.ttf */,
				1CB6BD922CC8D9DF003454DD /* Roboto-Italic.ttf */,
				1CB6BD9D2CC8D9E0003454DD /* Roboto-Light.ttf */,
				1CB6BDA92CC8D9E0003454DD /* Roboto-LightItalic.ttf */,
				1CB6BD982CC8D9E0003454DD /* Roboto-Medium.ttf */,
				1CB6BD9F2CC8D9E0003454DD /* Roboto-MediumItalic.ttf */,
				1CB6BDA12CC8D9E0003454DD /* Roboto-Regular.ttf */,
				1CB6BDA82CC8D9E0003454DD /* Roboto-Thin.ttf */,
				1CB6BD9C2CC8D9E0003454DD /* Roboto-ThinItalic.ttf */,
			);
			name = Resources;
			sourceTree = "<group>";
		};
		2D16E6871FA4F8E400B85C8A /* Frameworks */ = {
			isa = PBXGroup;
			children = (
				ED297162215061F000B7C4FE /* JavaScriptCore.framework */,
				5DCACB8F33CDC322A6C60F78 /* libPods-Nexsa.a */,
				19F6CBCC0A4E27FBF8BF4A61 /* libPods-Nexsa-NexsaTests.a */,
			);
			name = Frameworks;
			sourceTree = "<group>";
		};
		832341AE1AAA6A7D00B99B32 /* Libraries */ = {
			isa = PBXGroup;
			children = (
			);
			name = Libraries;
			sourceTree = "<group>";
		};
		83CBB9F61A601CBA00E9B192 = {
			isa = PBXGroup;
			children = (
				1CB6BD902CC8D9BF003454DD /* Resources */,
				13B07FAE1A68108700A75B9A /* Nexsa */,
				832341AE1AAA6A7D00B99B32 /* Libraries */,
				00E356EF1AD99517003FC87E /* NexsaTests */,
				83CBBA001A601CBA00E9B192 /* Products */,
				2D16E6871FA4F8E400B85C8A /* Frameworks */,
				BBD78D7AC51CEA395F1C20DB /* Pods */,
			);
			indentWidth = 2;
			sourceTree = "<group>";
			tabWidth = 2;
			usesTabs = 0;
		};
		83CBBA001A601CBA00E9B192 /* Products */ = {
			isa = PBXGroup;
			children = (
				13B07F961A680F5B00A75B9A /* Nexsa.app */,
				00E356EE1AD99517003FC87E /* NexsaTests.xctest */,
			);
			name = Products;
			sourceTree = "<group>";
		};
		BBD78D7AC51CEA395F1C20DB /* Pods */ = {
			isa = PBXGroup;
			children = (
				3B4392A12AC88292D35C810B /* Pods-Nexsa.debug.xcconfig */,
				5709B34CF0A7D63546082F79 /* Pods-Nexsa.release.xcconfig */,
				5B7EB9410499542E8C5724F5 /* Pods-Nexsa-NexsaTests.debug.xcconfig */,
				89C6BE57DB24E9ADA2F236DE /* Pods-Nexsa-NexsaTests.release.xcconfig */,
			);
			path = Pods;
			sourceTree = "<group>";
		};
/* End PBXGroup section */

/* Begin PBXNativeTarget section */
		00E356ED1AD99517003FC87E /* NexsaTests */ = {
			isa = PBXNativeTarget;
			buildConfigurationList = 00E357021AD99517003FC87E /* Build configuration list for PBXNativeTarget "NexsaTests" */;
			buildPhases = (
				A55EABD7B0C7F3A422A6CC61 /* [CP] Check Pods Manifest.lock */,
				00E356EA1AD99517003FC87E /* Sources */,
				00E356EB1AD99517003FC87E /* Frameworks */,
				00E356EC1AD99517003FC87E /* Resources */,
				C59DA0FBD6956966B86A3779 /* [CP] Embed Pods Frameworks */,
				F6A41C54EA430FDDC6A6ED99 /* [CP] Copy Pods Resources */,
			);
			buildRules = (
			);
			dependencies = (
				00E356F51AD99517003FC87E /* PBXTargetDependency */,
			);
			name = NexsaTests;
			productName = NexsaTests;
			productReference = 00E356EE1AD99517003FC87E /* NexsaTests.xctest */;
			productType = "com.apple.product-type.bundle.unit-test";
		};
		13B07F861A680F5B00A75B9A /* Nexsa */ = {
			isa = PBXNativeTarget;
			buildConfigurationList = 13B07F931A680F5B00A75B9A /* Build configuration list for PBXNativeTarget "Nexsa" */;
			buildPhases = (
				C38B50BA6285516D6DCD4F65 /* [CP] Check Pods Manifest.lock */,
				13B07F871A680F5B00A75B9A /* Sources */,
				13B07F8C1A680F5B00A75B9A /* Frameworks */,
				13B07F8E1A680F5B00A75B9A /* Resources */,
				00DD1BFF1BD5951E006B06BC /* Bundle React Native code and images */,
				00EEFC60759A1932668264C0 /* [CP] Embed Pods Frameworks */,
				E235C05ADACE081382539298 /* [CP] Copy Pods Resources */,
			);
			buildRules = (
			);
			dependencies = (
			);
			name = Nexsa;
			productName = Nexsa;
			productReference = 13B07F961A680F5B00A75B9A /* Nexsa.app */;
			productType = "com.apple.product-type.application";
		};
/* End PBXNativeTarget section */

/* Begin PBXProject section */
		83CBB9F71A601CBA00E9B192 /* Project object */ = {
			isa = PBXProject;
			attributes = {
				LastUpgradeCheck = 1210;
				TargetAttributes = {
					00E356ED1AD99517003FC87E = {
						CreatedOnToolsVersion = 6.2;
						TestTargetID = 13B07F861A680F5B00A75B9A;
					};
					13B07F861A680F5B00A75B9A = {
						LastSwiftMigration = 1120;
					};
				};
			};
			buildConfigurationList = 83CBB9FA1A601CBA00E9B192 /* Build configuration list for PBXProject "Nexsa" */;
			compatibilityVersion = "Xcode 12.0";
			developmentRegion = en;
			hasScannedForEncodings = 0;
			knownRegions = (
				en,
				Base,
			);
			mainGroup = 83CBB9F61A601CBA00E9B192;
			productRefGroup = 83CBBA001A601CBA00E9B192 /* Products */;
			projectDirPath = "";
			projectRoot = "";
			targets = (
				13B07F861A680F5B00A75B9A /* Nexsa */,
				00E356ED1AD99517003FC87E /* NexsaTests */,
			);
		};
/* End PBXProject section */

/* Begin PBXResourcesBuildPhase section */
		00E356EC1AD99517003FC87E /* Resources */ = {
			isa = PBXResourcesBuildPhase;
			buildActionMask = 2147483647;
			files = (
			);
			runOnlyForDeploymentPostprocessing = 0;
		};
		13B07F8E1A680F5B00A75B9A /* Resources */ = {
			isa = PBXResourcesBuildPhase;
			buildActionMask = 2147483647;
			files = (
				1CB6BDB72CC8D9E0003454DD /* Roboto-ThinItalic.ttf in Resources */,
				1CB6BDB92CC8D9E0003454DD /* JosefinSans-Italic.ttf in Resources */,
				1CB6BDC42CC8D9E0003454DD /* Roboto-LightItalic.ttf in Resources */,
				1CB6BDBC2CC8D9E0003454DD /* Roboto-Regular.ttf in Resources */,
				1CB6BDBF2CC8D9E0003454DD /* JosefinSans-MediumItalic.ttf in Resources */,
				81AB9BB82411601600AC10FF /* LaunchScreen.storyboard in Resources */,
				1CBBC1042CCA4BEC000EEC93 /* splash.png in Resources */,
				1CB6BDAE2CC8D9E0003454DD /* JosefinSans-BoldItalic.ttf in Resources */,
				1CB6BDB02CC8D9E0003454DD /* JosefinSans-ExtraLight.ttf in Resources */,
				13B07FBF1A68108700A75B9A /* Images.xcassets in Resources */,
				1CB6BDBD2CC8D9E0003454DD /* JosefinSans-ExtraLightItalic.ttf in Resources */,
				1CB6BDC22CC8D9E0003454DD /* Roboto-Black.ttf in Resources */,
				1CB6BDAD2CC8D9E0003454DD /* Roboto-Italic.ttf in Resources */,
				1CB6BDB82CC8D9E0003454DD /* Roboto-Light.ttf in Resources */,
				1CB6BDCA2CC8E5A5003454DD /* NothingYouCouldDo.ttf in Resources */,
				1CB6BDBB2CC8D9E0003454DD /* JosefinSans-Thin.ttf in Resources */,
				1CB6BDC52CC8D9E0003454DD /* JosefinSans-SemiBoldItalic.ttf in Resources */,
				1CB6BDB12CC8D9E0003454DD /* Roboto-Bold.ttf in Resources */,
				13D9DD24008E2E69FE754467 /* PrivacyInfo.xcprivacy in Resources */,
				1CB6BDAF2CC8D9E0003454DD /* Roboto-BoldItalic.ttf in Resources */,
				1CB6BDC62CC8D9E0003454DD /* JosefinSans-LightItalic.ttf in Resources */,
				1CB6BDC32CC8D9E0003454DD /* Roboto-Thin.ttf in Resources */,
				1CB6BDB32CC8D9E0003454DD /* Roboto-Medium.ttf in Resources */,
				1CB6BDC12CC8D9E0003454DD /* Roboto-BlackItalic.ttf in Resources */,
				1CB6BDB42CC8D9E0003454DD /* JosefinSans-Light.ttf in Resources */,
				1CB6BDAC2CC8D9E0003454DD /* JosefinSans-Medium.ttf in Resources */,
				1CB6BDC02CC8D9E0003454DD /* JosefinSans-SemiBold.ttf in Resources */,
				1CB6BDB22CC8D9E0003454DD /* JosefinSans-ThinItalic.ttf in Resources */,
				1CB6BDB52CC8D9E0003454DD /* JosefinSans-Regular.ttf in Resources */,
				1CB6BDBA2CC8D9E0003454DD /* Roboto-MediumItalic.ttf in Resources */,
				1CB6BDB62CC8D9E0003454DD /* JosefinSans-Bold.ttf in Resources */,
			);
			runOnlyForDeploymentPostprocessing = 0;
		};
/* End PBXResourcesBuildPhase section */

/* Begin PBXShellScriptBuildPhase section */
		00DD1BFF1BD5951E006B06BC /* Bundle React Native code and images */ = {
			isa = PBXShellScriptBuildPhase;
			buildActionMask = 2147483647;
			files = (
			);
			inputPaths = (
				"$(SRCROOT)/.xcode.env.local",
				"$(SRCROOT)/.xcode.env",
			);
			name = "Bundle React Native code and images";
			outputPaths = (
			);
			runOnlyForDeploymentPostprocessing = 0;
			shellPath = /bin/sh;
			shellScript = "set -e\n\nWITH_ENVIRONMENT=\"$REACT_NATIVE_PATH/scripts/xcode/with-environment.sh\"\nREACT_NATIVE_XCODE=\"$REACT_NATIVE_PATH/scripts/react-native-xcode.sh\"\n\n/bin/sh -c \"$WITH_ENVIRONMENT $REACT_NATIVE_XCODE\"\n";
		};
		00EEFC60759A1932668264C0 /* [CP] Embed Pods Frameworks */ = {
			isa = PBXShellScriptBuildPhase;
			buildActionMask = 2147483647;
			files = (
			);
			inputFileListPaths = (
				"${PODS_ROOT}/Target Support Files/Pods-Nexsa/Pods-Nexsa-frameworks-${CONFIGURATION}-input-files.xcfilelist",
			);
			name = "[CP] Embed Pods Frameworks";
			outputFileListPaths = (
				"${PODS_ROOT}/Target Support Files/Pods-Nexsa/Pods-Nexsa-frameworks-${CONFIGURATION}-output-files.xcfilelist",
			);
			runOnlyForDeploymentPostprocessing = 0;
			shellPath = /bin/sh;
			shellScript = "\"${PODS_ROOT}/Target Support Files/Pods-Nexsa/Pods-Nexsa-frameworks.sh\"\n";
			showEnvVarsInLog = 0;
		};
		A55EABD7B0C7F3A422A6CC61 /* [CP] Check Pods Manifest.lock */ = {
			isa = PBXShellScriptBuildPhase;
			buildActionMask = 2147483647;
			files = (
			);
			inputFileListPaths = (
			);
			inputPaths = (
				"${PODS_PODFILE_DIR_PATH}/Podfile.lock",
				"${PODS_ROOT}/Manifest.lock",
			);
			name = "[CP] Check Pods Manifest.lock";
			outputFileListPaths = (
			);
			outputPaths = (
				"$(DERIVED_FILE_DIR)/Pods-Nexsa-NexsaTests-checkManifestLockResult.txt",
			);
			runOnlyForDeploymentPostprocessing = 0;
			shellPath = /bin/sh;
			shellScript = "diff \"${PODS_PODFILE_DIR_PATH}/Podfile.lock\" \"${PODS_ROOT}/Manifest.lock\" > /dev/null\nif [ $? != 0 ] ; then\n    # print error to STDERR\n    echo \"error: The sandbox is not in sync with the Podfile.lock. Run 'pod install' or update your CocoaPods installation.\" >&2\n    exit 1\nfi\n# This output is used by Xcode 'outputs' to avoid re-running this script phase.\necho \"SUCCESS\" > \"${SCRIPT_OUTPUT_FILE_0}\"\n";
			showEnvVarsInLog = 0;
		};
		C38B50BA6285516D6DCD4F65 /* [CP] Check Pods Manifest.lock */ = {
			isa = PBXShellScriptBuildPhase;
			buildActionMask = 2147483647;
			files = (
			);
			inputFileListPaths = (
			);
			inputPaths = (
				"${PODS_PODFILE_DIR_PATH}/Podfile.lock",
				"${PODS_ROOT}/Manifest.lock",
			);
			name = "[CP] Check Pods Manifest.lock";
			outputFileListPaths = (
			);
			outputPaths = (
				"$(DERIVED_FILE_DIR)/Pods-Nexsa-checkManifestLockResult.txt",
			);
			runOnlyForDeploymentPostprocessing = 0;
			shellPath = /bin/sh;
			shellScript = "diff \"${PODS_PODFILE_DIR_PATH}/Podfile.lock\" \"${PODS_ROOT}/Manifest.lock\" > /dev/null\nif [ $? != 0 ] ; then\n    # print error to STDERR\n    echo \"error: The sandbox is not in sync with the Podfile.lock. Run 'pod install' or update your CocoaPods installation.\" >&2\n    exit 1\nfi\n# This output is used by Xcode 'outputs' to avoid re-running this script phase.\necho \"SUCCESS\" > \"${SCRIPT_OUTPUT_FILE_0}\"\n";
			showEnvVarsInLog = 0;
		};
		C59DA0FBD6956966B86A3779 /* [CP] Embed Pods Frameworks */ = {
			isa = PBXShellScriptBuildPhase;
			buildActionMask = 2147483647;
			files = (
			);
			inputFileListPaths = (
				"${PODS_ROOT}/Target Support Files/Pods-Nexsa-NexsaTests/Pods-Nexsa-NexsaTests-frameworks-${CONFIGURATION}-input-files.xcfilelist",
			);
			name = "[CP] Embed Pods Frameworks";
			outputFileListPaths = (
				"${PODS_ROOT}/Target Support Files/Pods-Nexsa-NexsaTests/Pods-Nexsa-NexsaTests-frameworks-${CONFIGURATION}-output-files.xcfilelist",
			);
			runOnlyForDeploymentPostprocessing = 0;
			shellPath = /bin/sh;
			shellScript = "\"${PODS_ROOT}/Target Support Files/Pods-Nexsa-NexsaTests/Pods-Nexsa-NexsaTests-frameworks.sh\"\n";
			showEnvVarsInLog = 0;
		};
		E235C05ADACE081382539298 /* [CP] Copy Pods Resources */ = {
			isa = PBXShellScriptBuildPhase;
			buildActionMask = 2147483647;
			files = (
			);
			inputFileListPaths = (
				"${PODS_ROOT}/Target Support Files/Pods-Nexsa/Pods-Nexsa-resources-${CONFIGURATION}-input-files.xcfilelist",
			);
			name = "[CP] Copy Pods Resources";
			outputFileListPaths = (
				"${PODS_ROOT}/Target Support Files/Pods-Nexsa/Pods-Nexsa-resources-${CONFIGURATION}-output-files.xcfilelist",
			);
			runOnlyForDeploymentPostprocessing = 0;
			shellPath = /bin/sh;
			shellScript = "\"${PODS_ROOT}/Target Support Files/Pods-Nexsa/Pods-Nexsa-resources.sh\"\n";
			showEnvVarsInLog = 0;
		};
		F6A41C54EA430FDDC6A6ED99 /* [CP] Copy Pods Resources */ = {
			isa = PBXShellScriptBuildPhase;
			buildActionMask = 2147483647;
			files = (
			);
			inputFileListPaths = (
				"${PODS_ROOT}/Target Support Files/Pods-Nexsa-NexsaTests/Pods-Nexsa-NexsaTests-resources-${CONFIGURATION}-input-files.xcfilelist",
			);
			name = "[CP] Copy Pods Resources";
			outputFileListPaths = (
				"${PODS_ROOT}/Target Support Files/Pods-Nexsa-NexsaTests/Pods-Nexsa-NexsaTests-resources-${CONFIGURATION}-output-files.xcfilelist",
			);
			runOnlyForDeploymentPostprocessing = 0;
			shellPath = /bin/sh;
			shellScript = "\"${PODS_ROOT}/Target Support Files/Pods-Nexsa-NexsaTests/Pods-Nexsa-NexsaTests-resources.sh\"\n";
			showEnvVarsInLog = 0;
		};
/* End PBXShellScriptBuildPhase section */

/* Begin PBXSourcesBuildPhase section */
		00E356EA1AD99517003FC87E /* Sources */ = {
			isa = PBXSourcesBuildPhase;
			buildActionMask = 2147483647;
			files = (
				00E356F31AD99517003FC87E /* NexsaTests.m in Sources */,
			);
			runOnlyForDeploymentPostprocessing = 0;
		};
		13B07F871A680F5B00A75B9A /* Sources */ = {
			isa = PBXSourcesBuildPhase;
			buildActionMask = 2147483647;
			files = (
				13B07FBC1A68108700A75B9A /* AppDelegate.mm in Sources */,
				13B07FC11A68108700A75B9A /* main.m in Sources */,
			);
			runOnlyForDeploymentPostprocessing = 0;
		};
/* End PBXSourcesBuildPhase section */

/* Begin PBXTargetDependency section */
		00E356F51AD99517003FC87E /* PBXTargetDependency */ = {
			isa = PBXTargetDependency;
			target = 13B07F861A680F5B00A75B9A /* Nexsa */;
			targetProxy = 00E356F41AD99517003FC87E /* PBXContainerItemProxy */;
		};
/* End PBXTargetDependency section */

/* Begin XCBuildConfiguration section */
		00E356F61AD99517003FC87E /* Debug */ = {
			isa = XCBuildConfiguration;
			baseConfigurationReference = 5B7EB9410499542E8C5724F5 /* Pods-Nexsa-NexsaTests.debug.xcconfig */;
			buildSettings = {
				BUNDLE_LOADER = "$(TEST_HOST)";
				GCC_PREPROCESSOR_DEFINITIONS = (
					"DEBUG=1",
					"$(inherited)",
				);
				INFOPLIST_FILE = NexsaTests/Info.plist;
				IPHONEOS_DEPLOYMENT_TARGET = 13.4;
				LD_RUNPATH_SEARCH_PATHS = (
					"$(inherited)",
					"@executable_path/Frameworks",
					"@loader_path/Frameworks",
				);
				OTHER_LDFLAGS = (
					"-ObjC",
					"-lc++",
					"$(inherited)",
				);
				PRODUCT_BUNDLE_IDENTIFIER = "org.reactjs.native.example.$(PRODUCT_NAME:rfc1034identifier)";
				PRODUCT_NAME = "$(TARGET_NAME)";
				TEST_HOST = "$(BUILT_PRODUCTS_DIR)/Nexsa.app/Nexsa";
			};
			name = Debug;
		};
		00E356F71AD99517003FC87E /* Release */ = {
			isa = XCBuildConfiguration;
			baseConfigurationReference = 89C6BE57DB24E9ADA2F236DE /* Pods-Nexsa-NexsaTests.release.xcconfig */;
			buildSettings = {
				BUNDLE_LOADER = "$(TEST_HOST)";
				COPY_PHASE_STRIP = NO;
				INFOPLIST_FILE = NexsaTests/Info.plist;
				IPHONEOS_DEPLOYMENT_TARGET = 13.4;
				LD_RUNPATH_SEARCH_PATHS = (
					"$(inherited)",
					"@executable_path/Frameworks",
					"@loader_path/Frameworks",
				);
				OTHER_LDFLAGS = (
					"-ObjC",
					"-lc++",
					"$(inherited)",
				);
				PRODUCT_BUNDLE_IDENTIFIER = "org.reactjs.native.example.$(PRODUCT_NAME:rfc1034identifier)";
				PRODUCT_NAME = "$(TARGET_NAME)";
				TEST_HOST = "$(BUILT_PRODUCTS_DIR)/Nexsa.app/Nexsa";
			};
			name = Release;
		};
		13B07F941A680F5B00A75B9A /* Debug */ = {
			isa = XCBuildConfiguration;
			baseConfigurationReference = 3B4392A12AC88292D35C810B /* Pods-Nexsa.debug.xcconfig */;
			buildSettings = {
				ASSETCATALOG_COMPILER_APPICON_NAME = AppIcon;
				CLANG_ENABLE_MODULES = YES;
				CURRENT_PROJECT_VERSION = 1;
				ENABLE_BITCODE = NO;
				INFOPLIST_FILE = Nexsa/Info.plist;
				LD_RUNPATH_SEARCH_PATHS = (
					"$(inherited)",
					"@executable_path/Frameworks",
				);
				MARKETING_VERSION = 1.0;
				OTHER_LDFLAGS = (
					"$(inherited)",
					"-ObjC",
					"-lc++",
				);
				PRODUCT_BUNDLE_IDENTIFIER = "org.reactjs.native.example.$(PRODUCT_NAME:rfc1034identifier)";
				PRODUCT_NAME = Nexsa;
				SWIFT_OPTIMIZATION_LEVEL = "-Onone";
				SWIFT_VERSION = 5.0;
				VERSIONING_SYSTEM = "apple-generic";
			};
			name = Debug;
		};
		13B07F951A680F5B00A75B9A /* Release */ = {
			isa = XCBuildConfiguration;
			baseConfigurationReference = 5709B34CF0A7D63546082F79 /* Pods-Nexsa.release.xcconfig */;
			buildSettings = {
				ASSETCATALOG_COMPILER_APPICON_NAME = AppIcon;
				CLANG_ENABLE_MODULES = YES;
				CURRENT_PROJECT_VERSION = 1;
				INFOPLIST_FILE = Nexsa/Info.plist;
				LD_RUNPATH_SEARCH_PATHS = (
					"$(inherited)",
					"@executable_path/Frameworks",
				);
				MARKETING_VERSION = 1.0;
				OTHER_LDFLAGS = (
					"$(inherited)",
					"-ObjC",
					"-lc++",
				);
				PRODUCT_BUNDLE_IDENTIFIER = "org.reactjs.native.example.$(PRODUCT_NAME:rfc1034identifier)";
				PRODUCT_NAME = Nexsa;
				SWIFT_VERSION = 5.0;
				VERSIONING_SYSTEM = "apple-generic";
			};
			name = Release;
		};
		83CBBA201A601CBA00E9B192 /* Debug */ = {
			isa = XCBuildConfiguration;
			buildSettings = {
				ALWAYS_SEARCH_USER_PATHS = NO;
				CC = "";
				CLANG_ANALYZER_LOCALIZABILITY_NONLOCALIZED = YES;
				CLANG_CXX_LANGUAGE_STANDARD = "c++20";
				CLANG_CXX_LIBRARY = "libc++";
				CLANG_ENABLE_MODULES = YES;
				CLANG_ENABLE_OBJC_ARC = YES;
				CLANG_WARN_BLOCK_CAPTURE_AUTORELEASING = YES;
				CLANG_WARN_BOOL_CONVERSION = YES;
				CLANG_WARN_COMMA = YES;
				CLANG_WARN_CONSTANT_CONVERSION = YES;
				CLANG_WARN_DEPRECATED_OBJC_IMPLEMENTATIONS = YES;
				CLANG_WARN_DIRECT_OBJC_ISA_USAGE = YES_ERROR;
				CLANG_WARN_EMPTY_BODY = YES;
				CLANG_WARN_ENUM_CONVERSION = YES;
				CLANG_WARN_INFINITE_RECURSION = YES;
				CLANG_WARN_INT_CONVERSION = YES;
				CLANG_WARN_NON_LITERAL_NULL_CONVERSION = YES;
				CLANG_WARN_OBJC_IMPLICIT_RETAIN_SELF = YES;
				CLANG_WARN_OBJC_LITERAL_CONVERSION = YES;
				CLANG_WARN_OBJC_ROOT_CLASS = YES_ERROR;
				CLANG_WARN_QUOTED_INCLUDE_IN_FRAMEWORK_HEADER = YES;
				CLANG_WARN_RANGE_LOOP_ANALYSIS = YES;
				CLANG_WARN_STRICT_PROTOTYPES = YES;
				CLANG_WARN_SUSPICIOUS_MOVE = YES;
				CLANG_WARN_UNREACHABLE_CODE = YES;
				CLANG_WARN__DUPLICATE_METHOD_MATCH = YES;
				"CODE_SIGN_IDENTITY[sdk=iphoneos*]" = "iPhone Developer";
				COPY_PHASE_STRIP = NO;
				CXX = "";
				ENABLE_STRICT_OBJC_MSGSEND = YES;
				ENABLE_TESTABILITY = YES;
				"EXCLUDED_ARCHS[sdk=iphonesimulator*]" = "";
				GCC_C_LANGUAGE_STANDARD = gnu99;
				GCC_DYNAMIC_NO_PIC = NO;
				GCC_NO_COMMON_BLOCKS = YES;
				GCC_OPTIMIZATION_LEVEL = 0;
				GCC_PREPROCESSOR_DEFINITIONS = (
					"DEBUG=1",
					"$(inherited)",
				);
				GCC_SYMBOLS_PRIVATE_EXTERN = NO;
				GCC_WARN_64_TO_32_BIT_CONVERSION = YES;
				GCC_WARN_ABOUT_RETURN_TYPE = YES_ERROR;
				GCC_WARN_UNDECLARED_SELECTOR = YES;
				GCC_WARN_UNINITIALIZED_AUTOS = YES_AGGRESSIVE;
				GCC_WARN_UNUSED_FUNCTION = YES;
				GCC_WARN_UNUSED_VARIABLE = YES;
				IPHONEOS_DEPLOYMENT_TARGET = 13.4;
				LD = "";
				LDPLUSPLUS = "";
				LD_RUNPATH_SEARCH_PATHS = (
					/usr/lib/swift,
					"$(inherited)",
				);
				LIBRARY_SEARCH_PATHS = (
					"\"$(SDKROOT)/usr/lib/swift\"",
					"\"$(TOOLCHAIN_DIR)/usr/lib/swift/$(PLATFORM_NAME)\"",
					"\"$(inherited)\"",
				);
				MTL_ENABLE_DEBUG_INFO = YES;
				ONLY_ACTIVE_ARCH = YES;
				OTHER_CPLUSPLUSFLAGS = (
					"$(OTHER_CFLAGS)",
					"-DFOLLY_NO_CONFIG",
					"-DFOLLY_MOBILE=1",
					"-DFOLLY_USE_LIBCPP=1",
					"-DFOLLY_CFG_NO_COROUTINES=1",
					"-DFOLLY_HAVE_CLOCK_GETTIME=1",
				);
				OTHER_LDFLAGS = (
					"$(inherited)",
					" ",
				);
				REACT_NATIVE_PATH = "${PODS_ROOT}/../../node_modules/react-native";
				SDKROOT = iphoneos;
				SWIFT_ACTIVE_COMPILATION_CONDITIONS = "$(inherited) DEBUG";
				USE_HERMES = true;
			};
			name = Debug;
		};
		83CBBA211A601CBA00E9B192 /* Release */ = {
			isa = XCBuildConfiguration;
			buildSettings = {
				ALWAYS_SEARCH_USER_PATHS = NO;
				CC = "";
				CLANG_ANALYZER_LOCALIZABILITY_NONLOCALIZED = YES;
				CLANG_CXX_LANGUAGE_STANDARD = "c++20";
				CLANG_CXX_LIBRARY = "libc++";
				CLANG_ENABLE_MODULES = YES;
				CLANG_ENABLE_OBJC_ARC = YES;
				CLANG_WARN_BLOCK_CAPTURE_AUTORELEASING = YES;
				CLANG_WARN_BOOL_CONVERSION = YES;
				CLANG_WARN_COMMA = YES;
				CLANG_WARN_CONSTANT_CONVERSION = YES;
				CLANG_WARN_DEPRECATED_OBJC_IMPLEMENTATIONS = YES;
				CLANG_WARN_DIRECT_OBJC_ISA_USAGE = YES_ERROR;
				CLANG_WARN_EMPTY_BODY = YES;
				CLANG_WARN_ENUM_CONVERSION = YES;
				CLANG_WARN_INFINITE_RECURSION = YES;
				CLANG_WARN_INT_CONVERSION = YES;
				CLANG_WARN_NON_LITERAL_NULL_CONVERSION = YES;
				CLANG_WARN_OBJC_IMPLICIT_RETAIN_SELF = YES;
				CLANG_WARN_OBJC_LITERAL_CONVERSION = YES;
				CLANG_WARN_OBJC_ROOT_CLASS = YES_ERROR;
				CLANG_WARN_QUOTED_INCLUDE_IN_FRAMEWORK_HEADER = YES;
				CLANG_WARN_RANGE_LOOP_ANALYSIS = YES;
				CLANG_WARN_STRICT_PROTOTYPES = YES;
				CLANG_WARN_SUSPICIOUS_MOVE = YES;
				CLANG_WARN_UNREACHABLE_CODE = YES;
				CLANG_WARN__DUPLICATE_METHOD_MATCH = YES;
				"CODE_SIGN_IDENTITY[sdk=iphoneos*]" = "iPhone Developer";
				COPY_PHASE_STRIP = YES;
				CXX = "";
				ENABLE_NS_ASSERTIONS = NO;
				ENABLE_STRICT_OBJC_MSGSEND = YES;
				"EXCLUDED_ARCHS[sdk=iphonesimulator*]" = "";
				GCC_C_LANGUAGE_STANDARD = gnu99;
				GCC_NO_COMMON_BLOCKS = YES;
				GCC_WARN_64_TO_32_BIT_CONVERSION = YES;
				GCC_WARN_ABOUT_RETURN_TYPE = YES_ERROR;
				GCC_WARN_UNDECLARED_SELECTOR = YES;
				GCC_WARN_UNINITIALIZED_AUTOS = YES_AGGRESSIVE;
				GCC_WARN_UNUSED_FUNCTION = YES;
				GCC_WARN_UNUSED_VARIABLE = YES;
				IPHONEOS_DEPLOYMENT_TARGET = 13.4;
				LD = "";
				LDPLUSPLUS = "";
				LD_RUNPATH_SEARCH_PATHS = (
					/usr/lib/swift,
					"$(inherited)",
				);
				LIBRARY_SEARCH_PATHS = (
					"\"$(SDKROOT)/usr/lib/swift\"",
					"\"$(TOOLCHAIN_DIR)/usr/lib/swift/$(PLATFORM_NAME)\"",
					"\"$(inherited)\"",
				);
				MTL_ENABLE_DEBUG_INFO = NO;
				OTHER_CPLUSPLUSFLAGS = (
					"$(OTHER_CFLAGS)",
					"-DFOLLY_NO_CONFIG",
					"-DFOLLY_MOBILE=1",
					"-DFOLLY_USE_LIBCPP=1",
					"-DFOLLY_CFG_NO_COROUTINES=1",
					"-DFOLLY_HAVE_CLOCK_GETTIME=1",
				);
				OTHER_LDFLAGS = (
					"$(inherited)",
					" ",
				);
				REACT_NATIVE_PATH = "${PODS_ROOT}/../../node_modules/react-native";
				SDKROOT = iphoneos;
				USE_HERMES = true;
				VALIDATE_PRODUCT = YES;
			};
			name = Release;
		};
/* End XCBuildConfiguration section */

/* Begin XCConfigurationList section */
		00E357021AD99517003FC87E /* Build configuration list for PBXNativeTarget "NexsaTests" */ = {
			isa = XCConfigurationList;
			buildConfigurations = (
				00E356F61AD99517003FC87E /* Debug */,
				00E356F71AD99517003FC87E /* Release */,
			);
			defaultConfigurationIsVisible = 0;
			defaultConfigurationName = Release;
		};
		13B07F931A680F5B00A75B9A /* Build configuration list for PBXNativeTarget "Nexsa" */ = {
			isa = XCConfigurationList;
			buildConfigurations = (
				13B07F941A680F5B00A75B9A /* Debug */,
				13B07F951A680F5B00A75B9A /* Release */,
			);
			defaultConfigurationIsVisible = 0;
			defaultConfigurationName = Release;
		};
		83CBB9FA1A601CBA00E9B192 /* Build configuration list for PBXProject "Nexsa" */ = {
			isa = XCConfigurationList;
			buildConfigurations = (
				83CBBA201A601CBA00E9B192 /* Debug */,
				83CBBA211A601CBA00E9B192 /* Release */,
			);
			defaultConfigurationIsVisible = 0;
			defaultConfigurationName = Release;
		};
/* End XCConfigurationList section */
	};
	rootObject = 83CBB9F71A601CBA00E9B192 /* Project object */;
}
